<?xml version="1.0" encoding="utf-8"?>
<Project ToolsVersion="4.0" xmlns="http://schemas.microsoft.com/developer/msbuild/2003">
  <ItemGroup>
    <Filter Include="Source Files">
      <UniqueIdentifier>{4FC737F1-C7A5-4376-A066-2A32D752A2FF}</UniqueIdentifier>
      <Extensions>cpp;c;cc;cxx;c++;cppm;ixx;def;odl;idl;hpj;bat;asm;asmx</Extensions>
    </Filter>
    <Filter Include="Header Files">
      <UniqueIdentifier>{93995380-89BD-4b04-88EB-625FBE52EBFB}</UniqueIdentifier>
      <Extensions>h;hh;hpp;hxx;h++;hm;inl;inc;ipp;xsd</Extensions>
    </Filter>
    <Filter Include="Resource Files">
      <UniqueIdentifier>{67DA6AB6-F800-4c08-8B7A-83BB121AAD01}</UniqueIdentifier>
      <Extensions>rc;ico;cur;bmp;dlg;rc2;rct;bin;rgs;gif;jpg;jpeg;jpe;resx;tiff;tif;png;wav;mfcribbon-ms</Extensions>
    </Filter>
    <Filter Include="Source Files\Server">
      <UniqueIdentifier>{a5a59351-5caa-4fe3-b360-0c4762d68819}</UniqueIdentifier>
    </Filter>
    <Filter Include="Source Files\Client">
      <UniqueIdentifier>{7c85c7cb-dec3-48b0-9f44-58c85207ca5b}</UniqueIdentifier>
    </Filter>
    <Filter Include="Source Files\Game">
      <UniqueIdentifier>{39f49b6e-fd84-4f91-8025-46c89f5a32c3}</UniqueIdentifier>
    </Filter>
    <Filter Include="Source Files\Game\Player">
      <UniqueIdentifier>{adcd3f1d-6a40-4d78-b02c-4ad719289049}</UniqueIdentifier>
    </Filter>
    <Filter Include="Source Files\Game\World">
      <UniqueIdentifier>{45d7559d-fa08-4c21-9632-1076e72fecb4}</UniqueIdentifier>
    </Filter>
  </ItemGroup>
  <ItemGroup>
    <ClCompile Include="main.cpp">
      <Filter>Source Files</Filter>
    </ClCompile>
    <ClCompile Include="Server.cpp">
      <Filter>Source Files\Server</Filter>
    </ClCompile>
    <ClCompile Include="Client.cpp">
      <Filter>Source Files\Client</Filter>
    </ClCompile>
    <ClCompile Include="QueueClient.cpp">
      <Filter>Source Files\Client</Filter>
    </ClCompile>
  </ItemGroup>
  <ItemGroup>
    <ClInclude Include="App.hpp">
      <Filter>Header Files</Filter>
    </ClInclude>
    <ClInclude Include="Client.hpp">
      <Filter>Source Files\Client</Filter>
    </ClInclude>
    <ClInclude Include="Server.hpp">
      <Filter>Source Files\Server</Filter>
    </ClInclude>
    <ClInclude Include="NetMessageType.h">
      <Filter>Source Files\Server</Filter>
    </ClInclude>
    <ClInclude Include="QueueClient.hpp">
      <Filter>Source Files\Client</Filter>
    </ClInclude>
    <ClInclude Include="GameMap.hpp">
      <Filter>Source Files\Game\World</Filter>
    </ClInclude>
    <ClInclude Include="Grid.hpp">
      <Filter>Source Files\Game\World</Filter>
    </ClInclude>
    <ClInclude Include="Ship.hpp">
      <Filter>Source Files\Game\Player</Filter>
    </ClInclude>
  </ItemGroup>
</Project>